Microsoft Visual Studio Solution File, Format Version 8.00
Project("{8BC9CEB8-8B4A-11D0-8D11-00A0C91BC942}") = "thread_server", "thread_server.vcproj", "{681EEF2F-EDE6-4508-A962-203E35A6E670}"
	ProjectSection(ProjectDependencies) = postProject
	EndProjectSection
EndProject
Global
	GlobalSection(SolutionConfiguration) = preSolution
		Debug = Debug
		Release = Release
	EndGlobalSection
	GlobalSection(ProjectConfiguration) = postSolution
		{681EEF2F-EDE6-4508-A962-203E35A6E670}.Debug.ActiveCfg = Debug|Win32
		{681EEF2F-EDE6-4508-A962-203E35A6E670}.Debug.Build.0 = Debug|Win32
		{681EEF2F-EDE6-4508-A962-203E35A6E670}.Release.ActiveCfg = Release|Win32
		{681EEF2F-EDE6-4508-A962-203E35A6E670}.Release.Build.0 = Release|Win32
	EndGlobalSection
	GlobalSection(ExtensibilityGlobals) = postSolution
	EndGlobalSection
	GlobalSection(ExtensibilityAddIns) = postSolution
	EndGlobalSection
EndGlobal
